
Microsoft Visual Studio Solution File, Format Version 12.00
# Visual Studio 2013
VisualStudioVersion = 12.0.31101.0
MinimumVisualStudioVersion = 10.0.40219.1
Project("{FAE04EC0-301F-11D3-BF4B-00C04F79EFBC}") = "WebApplicationService", "WebApplicationService\WebApplicationService.csproj", "{6B502F04-4179-4528-A1D0-B5F4CD0FE0BA}"
EndProject
Project("{FAE04EC0-301F-11D3-BF4B-00C04F79EFBC}") = "ConsoleApplicationCalcDistance", "ConsoleApplicationCalcDistance\ConsoleApplicationCalcDistance.csproj", "{D7F29A08-242C-430D-A99D-FE1ABF477518}"
EndProject
Global
	GlobalSection(SolutionConfigurationPlatforms) = preSolution
		Debug|Any CPU = Debug|Any CPU
		Release|Any CPU = Release|Any CPU
	EndGlobalSection
	GlobalSection(ProjectConfigurationPlatforms) = postSolution
		{6B502F04-4179-4528-A1D0-B5F4CD0FE0BA}.Debug|Any CPU.ActiveCfg = Debug|Any CPU
		{6B502F04-4179-4528-A1D0-B5F4CD0FE0BA}.Debug|Any CPU.Build.0 = Debug|Any CPU
		{6B502F04-4179-4528-A1D0-B5F4CD0FE0BA}.Release|Any CPU.ActiveCfg = Release|Any CPU
		{6B502F04-4179-4528-A1D0-B5F4CD0FE0BA}.Release|Any CPU.Build.0 = Release|Any CPU
		{D7F29A08-242C-430D-A99D-FE1ABF477518}.Debug|Any CPU.ActiveCfg = Debug|Any CPU
		{D7F29A08-242C-430D-A99D-FE1ABF477518}.Debug|Any CPU.Build.0 = Debug|Any CPU
		{D7F29A08-242C-430D-A99D-FE1ABF477518}.Release|Any CPU.ActiveCfg = Release|Any CPU
		{D7F29A08-242C-430D-A99D-FE1ABF477518}.Release|Any CPU.Build.0 = Release|Any CPU
	EndGlobalSection
	GlobalSection(SolutionProperties) = preSolution
		HideSolutionNode = FALSE
	EndGlobalSection
EndGlobal
