
Microsoft Visual Studio Solution File, Format Version 12.00
# Visual Studio 2013
VisualStudioVersion = 12.0.31101.0
MinimumVisualStudioVersion = 10.0.40219.1
Project("{FAE04EC0-301F-11D3-BF4B-00C04F79EFBC}") = "WcfCalcDistanceService", "WcfCalcDistanceService\WcfCalcDistanceService.csproj", "{F3E9A433-89F8-451E-9EC7-9DD17FA9D8B6}"
EndProject
Project("{FAE04EC0-301F-11D3-BF4B-00C04F79EFBC}") = "ConsoleApplicationCalcServiceClient", "ConsoleApplicationCalcServiceClient\ConsoleApplicationCalcServiceClient.csproj", "{F6EF72DA-5120-4109-92F4-738D21AD295B}"
	ProjectSection(ProjectDependencies) = postProject
		{F3E9A433-89F8-451E-9EC7-9DD17FA9D8B6} = {F3E9A433-89F8-451E-9EC7-9DD17FA9D8B6}
	EndProjectSection
EndProject
Global
	GlobalSection(SolutionConfigurationPlatforms) = preSolution
		Debug|Any CPU = Debug|Any CPU
		Release|Any CPU = Release|Any CPU
	EndGlobalSection
	GlobalSection(ProjectConfigurationPlatforms) = postSolution
		{F3E9A433-89F8-451E-9EC7-9DD17FA9D8B6}.Debug|Any CPU.ActiveCfg = Debug|Any CPU
		{F3E9A433-89F8-451E-9EC7-9DD17FA9D8B6}.Debug|Any CPU.Build.0 = Debug|Any CPU
		{F3E9A433-89F8-451E-9EC7-9DD17FA9D8B6}.Release|Any CPU.ActiveCfg = Release|Any CPU
		{F3E9A433-89F8-451E-9EC7-9DD17FA9D8B6}.Release|Any CPU.Build.0 = Release|Any CPU
		{F6EF72DA-5120-4109-92F4-738D21AD295B}.Debug|Any CPU.ActiveCfg = Debug|Any CPU
		{F6EF72DA-5120-4109-92F4-738D21AD295B}.Debug|Any CPU.Build.0 = Debug|Any CPU
		{F6EF72DA-5120-4109-92F4-738D21AD295B}.Release|Any CPU.ActiveCfg = Release|Any CPU
		{F6EF72DA-5120-4109-92F4-738D21AD295B}.Release|Any CPU.Build.0 = Release|Any CPU
	EndGlobalSection
	GlobalSection(SolutionProperties) = preSolution
		HideSolutionNode = FALSE
	EndGlobalSection
EndGlobal
